
Microsoft Visual Studio Solution File, Format Version 12.00
# Visual Studio Version 17
VisualStudioVersion = 17.8.34330.188
MinimumVisualStudioVersion = 10.0.40219.1
Project("{2150E333-8FDC-42A3-9474-1A3956D46DE8}") = "client", "client", "{20CB914E-A9E3-41CA-9FCA-1585005389D5}"
EndProject
Project("{54A90642-561A-4BB1-A94E-469ADEE60C69}") = "clientapp", "clientapp\clientapp.esproj", "{A57AA361-BCC7-4272-846F-E487497C17F1}"
EndProject
Project("{2150E333-8FDC-42A3-9474-1A3956D46DE8}") = "server", "server", "{85794565-09F7-430E-84ED-1188D1120C45}"
EndProject
Project("{9A19103F-16F7-4668-BE54-9A1E7A4F7556}") = "webapi", "webapi\webapi.csproj", "{7BBDB0F6-0BCD-4883-94AA-A95D57B42B9A}"
EndProject
Project("{9A19103F-16F7-4668-BE54-9A1E7A4F7556}") = "RentNRoll.Data", "RentNRoll.Data\RentNRoll.Data.csproj", "{D040257D-1768-40F3-B748-F28685152EA4}"
EndProject
Project("{9A19103F-16F7-4668-BE54-9A1E7A4F7556}") = "RentNRoll.Data.Models", "RentNRoll.Data.Models\RentNRoll.Data.Models.csproj", "{B8A6C5DC-F039-4020-9E47-9F58BEB6BFBA}"
EndProject
Project("{9A19103F-16F7-4668-BE54-9A1E7A4F7556}") = "RentNRoll.Web.DTOs", "RentNRoll.Web.DTOs\RentNRoll.Web.DTOs.csproj", "{4D612AFA-FD39-44E9-BB2A-314DFF0D7825}"
EndProject
Project("{9A19103F-16F7-4668-BE54-9A1E7A4F7556}") = "RentNRoll.Data.Common", "RentNRoll.Data.Common\RentNRoll.Data.Common.csproj", "{2C6EF3DF-0CAC-427B-9774-CB6E1E23E74A}"
EndProject
Project("{FAE04EC0-301F-11D3-BF4B-00C04F79EFBC}") = "RentNRoll.Services.Mapping", "RentNRoll.Services.Mapping\RentNRoll.Services.Mapping.csproj", "{62439A47-D40E-469B-8279-3395D0508E00}"
EndProject
Global
	GlobalSection(SolutionConfigurationPlatforms) = preSolution
		Debug|Any CPU = Debug|Any CPU
		Release|Any CPU = Release|Any CPU
	EndGlobalSection
	GlobalSection(ProjectConfigurationPlatforms) = postSolution
		{A57AA361-BCC7-4272-846F-E487497C17F1}.Debug|Any CPU.ActiveCfg = Debug|Any CPU
		{A57AA361-BCC7-4272-846F-E487497C17F1}.Debug|Any CPU.Build.0 = Debug|Any CPU
		{A57AA361-BCC7-4272-846F-E487497C17F1}.Debug|Any CPU.Deploy.0 = Debug|Any CPU
		{A57AA361-BCC7-4272-846F-E487497C17F1}.Release|Any CPU.ActiveCfg = Release|Any CPU
		{A57AA361-BCC7-4272-846F-E487497C17F1}.Release|Any CPU.Build.0 = Release|Any CPU
		{A57AA361-BCC7-4272-846F-E487497C17F1}.Release|Any CPU.Deploy.0 = Release|Any CPU
		{7BBDB0F6-0BCD-4883-94AA-A95D57B42B9A}.Debug|Any CPU.ActiveCfg = Debug|Any CPU
		{7BBDB0F6-0BCD-4883-94AA-A95D57B42B9A}.Debug|Any CPU.Build.0 = Debug|Any CPU
		{7BBDB0F6-0BCD-4883-94AA-A95D57B42B9A}.Release|Any CPU.ActiveCfg = Release|Any CPU
		{7BBDB0F6-0BCD-4883-94AA-A95D57B42B9A}.Release|Any CPU.Build.0 = Release|Any CPU
		{D040257D-1768-40F3-B748-F28685152EA4}.Debug|Any CPU.ActiveCfg = Debug|Any CPU
		{D040257D-1768-40F3-B748-F28685152EA4}.Debug|Any CPU.Build.0 = Debug|Any CPU
		{D040257D-1768-40F3-B748-F28685152EA4}.Release|Any CPU.ActiveCfg = Release|Any CPU
		{D040257D-1768-40F3-B748-F28685152EA4}.Release|Any CPU.Build.0 = Release|Any CPU
		{B8A6C5DC-F039-4020-9E47-9F58BEB6BFBA}.Debug|Any CPU.ActiveCfg = Debug|Any CPU
		{B8A6C5DC-F039-4020-9E47-9F58BEB6BFBA}.Debug|Any CPU.Build.0 = Debug|Any CPU
		{B8A6C5DC-F039-4020-9E47-9F58BEB6BFBA}.Release|Any CPU.ActiveCfg = Release|Any CPU
		{B8A6C5DC-F039-4020-9E47-9F58BEB6BFBA}.Release|Any CPU.Build.0 = Release|Any CPU
		{4D612AFA-FD39-44E9-BB2A-314DFF0D7825}.Debug|Any CPU.ActiveCfg = Debug|Any CPU
		{4D612AFA-FD39-44E9-BB2A-314DFF0D7825}.Debug|Any CPU.Build.0 = Debug|Any CPU
		{4D612AFA-FD39-44E9-BB2A-314DFF0D7825}.Release|Any CPU.ActiveCfg = Release|Any CPU
		{4D612AFA-FD39-44E9-BB2A-314DFF0D7825}.Release|Any CPU.Build.0 = Release|Any CPU
		{2C6EF3DF-0CAC-427B-9774-CB6E1E23E74A}.Debug|Any CPU.ActiveCfg = Debug|Any CPU
		{2C6EF3DF-0CAC-427B-9774-CB6E1E23E74A}.Debug|Any CPU.Build.0 = Debug|Any CPU
		{2C6EF3DF-0CAC-427B-9774-CB6E1E23E74A}.Release|Any CPU.ActiveCfg = Release|Any CPU
		{2C6EF3DF-0CAC-427B-9774-CB6E1E23E74A}.Release|Any CPU.Build.0 = Release|Any CPU
		{62439A47-D40E-469B-8279-3395D0508E00}.Debug|Any CPU.ActiveCfg = Debug|Any CPU
		{62439A47-D40E-469B-8279-3395D0508E00}.Debug|Any CPU.Build.0 = Debug|Any CPU
		{62439A47-D40E-469B-8279-3395D0508E00}.Release|Any CPU.ActiveCfg = Release|Any CPU
		{62439A47-D40E-469B-8279-3395D0508E00}.Release|Any CPU.Build.0 = Release|Any CPU
	EndGlobalSection
	GlobalSection(SolutionProperties) = preSolution
		HideSolutionNode = FALSE
	EndGlobalSection
	GlobalSection(NestedProjects) = preSolution
		{A57AA361-BCC7-4272-846F-E487497C17F1} = {20CB914E-A9E3-41CA-9FCA-1585005389D5}
		{7BBDB0F6-0BCD-4883-94AA-A95D57B42B9A} = {85794565-09F7-430E-84ED-1188D1120C45}
		{D040257D-1768-40F3-B748-F28685152EA4} = {85794565-09F7-430E-84ED-1188D1120C45}
		{B8A6C5DC-F039-4020-9E47-9F58BEB6BFBA} = {85794565-09F7-430E-84ED-1188D1120C45}
		{4D612AFA-FD39-44E9-BB2A-314DFF0D7825} = {85794565-09F7-430E-84ED-1188D1120C45}
		{2C6EF3DF-0CAC-427B-9774-CB6E1E23E74A} = {85794565-09F7-430E-84ED-1188D1120C45}
		{62439A47-D40E-469B-8279-3395D0508E00} = {85794565-09F7-430E-84ED-1188D1120C45}
	EndGlobalSection
	GlobalSection(ExtensibilityGlobals) = postSolution
		SolutionGuid = {5906F124-4182-4BE8-8531-2E953935D364}
	EndGlobalSection
EndGlobal
